
Microsoft Visual Studio Solution File, Format Version 12.00
# Visual Studio Version 17
VisualStudioVersion = 17.4.33205.214
MinimumVisualStudioVersion = 10.0.40219.1
Project("{FAE04EC0-301F-11D3-BF4B-00C04F79EFBC}") = "ConsoleApp1", "ConsoleApp1.csproj", "{5EBDFF78-F4AB-4C3C-84AB-8D2E5A6998D7}"
EndProject
Global
	GlobalSection(SolutionConfigurationPlatforms) = preSolution
		Debug|Any CPU = Debug|Any CPU
		Release|Any CPU = Release|Any CPU
	EndGlobalSection
	GlobalSection(ProjectConfigurationPlatforms) = postSolution
		{5EBDFF78-F4AB-4C3C-84AB-8D2E5A6998D7}.Debug|Any CPU.ActiveCfg = Debug|Any CPU
		{5EBDFF78-F4AB-4C3C-84AB-8D2E5A6998D7}.Debug|Any CPU.Build.0 = Debug|Any CPU
		{5EBDFF78-F4AB-4C3C-84AB-8D2E5A6998D7}.Release|Any CPU.ActiveCfg = Release|Any CPU
		{5EBDFF78-F4AB-4C3C-84AB-8D2E5A6998D7}.Release|Any CPU.Build.0 = Release|Any CPU
	EndGlobalSection
	GlobalSection(SolutionProperties) = preSolution
		HideSolutionNode = FALSE
	EndGlobalSection
	GlobalSection(ExtensibilityGlobals) = postSolution
		SolutionGuid = {90522894-CC4C-4473-8E97-A12F6F255CF3}
	EndGlobalSection
EndGlobal
